
Microsoft Visual Studio Solution File, Format Version 12.00
# Visual Studio Version 16
VisualStudioVersion = 16.0.29306.81
MinimumVisualStudioVersion = 10.0.40219.1
Project("{9A19103F-16F7-4668-BE54-9A1E7A4F7556}") = "MyHomeSensors", "MyHomeSensors\MyHomeSensors\MyHomeSensors.csproj", "{A9F04FEF-6620-4662-9387-658FEE11A3F5}"
EndProject
Project("{FAE04EC0-301F-11D3-BF4B-00C04F79EFBC}") = "MyHomeSensors.Android", "MyHomeSensors\MyHomeSensors.Android\MyHomeSensors.Android.csproj", "{2EC5F2C9-03BA-4A19-BEE3-F4E8BD5CE850}"
EndProject
Project("{FAE04EC0-301F-11D3-BF4B-00C04F79EFBC}") = "MyHomeSensors.iOS", "MyHomeSensors\MyHomeSensors.iOS\MyHomeSensors.iOS.csproj", "{E6AD97FF-4210-4BC7-8493-515A9BC2C116}"
EndProject
Project("{FAE04EC0-301F-11D3-BF4B-00C04F79EFBC}") = "MyHomeSensors.UWP", "MyHomeSensors\MyHomeSensors.UWP\MyHomeSensors.UWP.csproj", "{735CFD41-1715-4275-9089-27CBA251EDDD}"
EndProject
Project("{2150E333-8FDC-42A3-9474-1A3956D46DE8}") = "Tests", "Tests", "{14F13F31-6CFF-49E1-8079-8C7C75C7AE2A}"
EndProject
Project("{FAE04EC0-301F-11D3-BF4B-00C04F79EFBC}") = "MyHomeSensorTest", "MyHomeSensorTest\MyHomeSensorTest.csproj", "{94375F49-80CA-41D5-A34D-5391DE089471}"
EndProject
Project("{FAE04EC0-301F-11D3-BF4B-00C04F79EFBC}") = "BaseEntity", "BaseEntity\BaseEntity.csproj", "{05E3A657-E260-40E2-91F4-4A0B626427AF}"
EndProject
Project("{FAE04EC0-301F-11D3-BF4B-00C04F79EFBC}") = "BMP180", "BMP180\BMP180.csproj", "{0D41C345-A7A9-4C1B-9DA9-15D4625B4797}"
EndProject
Global
	GlobalSection(SolutionConfigurationPlatforms) = preSolution
		Ad-Hoc|Any CPU = Ad-Hoc|Any CPU
		Ad-Hoc|ARM = Ad-Hoc|ARM
		Ad-Hoc|iPhone = Ad-Hoc|iPhone
		Ad-Hoc|iPhoneSimulator = Ad-Hoc|iPhoneSimulator
		Ad-Hoc|x64 = Ad-Hoc|x64
		Ad-Hoc|x86 = Ad-Hoc|x86
		AppStore|Any CPU = AppStore|Any CPU
		AppStore|ARM = AppStore|ARM
		AppStore|iPhone = AppStore|iPhone
		AppStore|iPhoneSimulator = AppStore|iPhoneSimulator
		AppStore|x64 = AppStore|x64
		AppStore|x86 = AppStore|x86
		Debug|Any CPU = Debug|Any CPU
		Debug|ARM = Debug|ARM
		Debug|iPhone = Debug|iPhone
		Debug|iPhoneSimulator = Debug|iPhoneSimulator
		Debug|x64 = Debug|x64
		Debug|x86 = Debug|x86
		Release|Any CPU = Release|Any CPU
		Release|ARM = Release|ARM
		Release|iPhone = Release|iPhone
		Release|iPhoneSimulator = Release|iPhoneSimulator
		Release|x64 = Release|x64
		Release|x86 = Release|x86
	EndGlobalSection
	GlobalSection(ProjectConfigurationPlatforms) = postSolution
		{A9F04FEF-6620-4662-9387-658FEE11A3F5}.Ad-Hoc|Any CPU.ActiveCfg = Debug|Any CPU
		{A9F04FEF-6620-4662-9387-658FEE11A3F5}.Ad-Hoc|Any CPU.Build.0 = Debug|Any CPU
		{A9F04FEF-6620-4662-9387-658FEE11A3F5}.Ad-Hoc|ARM.ActiveCfg = Debug|Any CPU
		{A9F04FEF-6620-4662-9387-658FEE11A3F5}.Ad-Hoc|ARM.Build.0 = Debug|Any CPU
		{A9F04FEF-6620-4662-9387-658FEE11A3F5}.Ad-Hoc|iPhone.ActiveCfg = Debug|Any CPU
		{A9F04FEF-6620-4662-9387-658FEE11A3F5}.Ad-Hoc|iPhone.Build.0 = Debug|Any CPU
		{A9F04FEF-6620-4662-9387-658FEE11A3F5}.Ad-Hoc|iPhoneSimulator.ActiveCfg = Debug|Any CPU
		{A9F04FEF-6620-4662-9387-658FEE11A3F5}.Ad-Hoc|iPhoneSimulator.Build.0 = Debug|Any CPU
		{A9F04FEF-6620-4662-9387-658FEE11A3F5}.Ad-Hoc|x64.ActiveCfg = Debug|Any CPU
		{A9F04FEF-6620-4662-9387-658FEE11A3F5}.Ad-Hoc|x64.Build.0 = Debug|Any CPU
		{A9F04FEF-6620-4662-9387-658FEE11A3F5}.Ad-Hoc|x86.ActiveCfg = Debug|Any CPU
		{A9F04FEF-6620-4662-9387-658FEE11A3F5}.Ad-Hoc|x86.Build.0 = Debug|Any CPU
		{A9F04FEF-6620-4662-9387-658FEE11A3F5}.AppStore|Any CPU.ActiveCfg = Debug|Any CPU
		{A9F04FEF-6620-4662-9387-658FEE11A3F5}.AppStore|Any CPU.Build.0 = Debug|Any CPU
		{A9F04FEF-6620-4662-9387-658FEE11A3F5}.AppStore|ARM.ActiveCfg = Debug|Any CPU
		{A9F04FEF-6620-4662-9387-658FEE11A3F5}.AppStore|ARM.Build.0 = Debug|Any CPU
		{A9F04FEF-6620-4662-9387-658FEE11A3F5}.AppStore|iPhone.ActiveCfg = Debug|Any CPU
		{A9F04FEF-6620-4662-9387-658FEE11A3F5}.AppStore|iPhone.Build.0 = Debug|Any CPU
		{A9F04FEF-6620-4662-9387-658FEE11A3F5}.AppStore|iPhoneSimulator.ActiveCfg = Debug|Any CPU
		{A9F04FEF-6620-4662-9387-658FEE11A3F5}.AppStore|iPhoneSimulator.Build.0 = Debug|Any CPU
		{A9F04FEF-6620-4662-9387-658FEE11A3F5}.AppStore|x64.ActiveCfg = Debug|Any CPU
		{A9F04FEF-6620-4662-9387-658FEE11A3F5}.AppStore|x64.Build.0 = Debug|Any CPU
		{A9F04FEF-6620-4662-9387-658FEE11A3F5}.AppStore|x86.ActiveCfg = Debug|Any CPU
		{A9F04FEF-6620-4662-9387-658FEE11A3F5}.AppStore|x86.Build.0 = Debug|Any CPU
		{A9F04FEF-6620-4662-9387-658FEE11A3F5}.Debug|Any CPU.ActiveCfg = Debug|Any CPU
		{A9F04FEF-6620-4662-9387-658FEE11A3F5}.Debug|Any CPU.Build.0 = Debug|Any CPU
		{A9F04FEF-6620-4662-9387-658FEE11A3F5}.Debug|ARM.ActiveCfg = Debug|Any CPU
		{A9F04FEF-6620-4662-9387-658FEE11A3F5}.Debug|ARM.Build.0 = Debug|Any CPU
		{A9F04FEF-6620-4662-9387-658FEE11A3F5}.Debug|iPhone.ActiveCfg = Debug|Any CPU
		{A9F04FEF-6620-4662-9387-658FEE11A3F5}.Debug|iPhone.Build.0 = Debug|Any CPU
		{A9F04FEF-6620-4662-9387-658FEE11A3F5}.Debug|iPhoneSimulator.ActiveCfg = Debug|Any CPU
		{A9F04FEF-6620-4662-9387-658FEE11A3F5}.Debug|iPhoneSimulator.Build.0 = Debug|Any CPU
		{A9F04FEF-6620-4662-9387-658FEE11A3F5}.Debug|x64.ActiveCfg = Debug|Any CPU
		{A9F04FEF-6620-4662-9387-658FEE11A3F5}.Debug|x64.Build.0 = Debug|Any CPU
		{A9F04FEF-6620-4662-9387-658FEE11A3F5}.Debug|x86.ActiveCfg = Debug|Any CPU
		{A9F04FEF-6620-4662-9387-658FEE11A3F5}.Debug|x86.Build.0 = Debug|Any CPU
		{A9F04FEF-6620-4662-9387-658FEE11A3F5}.Release|Any CPU.ActiveCfg = Release|Any CPU
		{A9F04FEF-6620-4662-9387-658FEE11A3F5}.Release|Any CPU.Build.0 = Release|Any CPU
		{A9F04FEF-6620-4662-9387-658FEE11A3F5}.Release|ARM.ActiveCfg = Release|Any CPU
		{A9F04FEF-6620-4662-9387-658FEE11A3F5}.Release|ARM.Build.0 = Release|Any CPU
		{A9F04FEF-6620-4662-9387-658FEE11A3F5}.Release|iPhone.ActiveCfg = Release|Any CPU
		{A9F04FEF-6620-4662-9387-658FEE11A3F5}.Release|iPhone.Build.0 = Release|Any CPU
		{A9F04FEF-6620-4662-9387-658FEE11A3F5}.Release|iPhoneSimulator.ActiveCfg = Release|Any CPU
		{A9F04FEF-6620-4662-9387-658FEE11A3F5}.Release|iPhoneSimulator.Build.0 = Release|Any CPU
		{A9F04FEF-6620-4662-9387-658FEE11A3F5}.Release|x64.ActiveCfg = Release|Any CPU
		{A9F04FEF-6620-4662-9387-658FEE11A3F5}.Release|x64.Build.0 = Release|Any CPU
		{A9F04FEF-6620-4662-9387-658FEE11A3F5}.Release|x86.ActiveCfg = Release|Any CPU
		{A9F04FEF-6620-4662-9387-658FEE11A3F5}.Release|x86.Build.0 = Release|Any CPU
		{2EC5F2C9-03BA-4A19-BEE3-F4E8BD5CE850}.Ad-Hoc|Any CPU.ActiveCfg = Release|Any CPU
		{2EC5F2C9-03BA-4A19-BEE3-F4E8BD5CE850}.Ad-Hoc|Any CPU.Build.0 = Release|Any CPU
		{2EC5F2C9-03BA-4A19-BEE3-F4E8BD5CE850}.Ad-Hoc|Any CPU.Deploy.0 = Release|Any CPU
		{2EC5F2C9-03BA-4A19-BEE3-F4E8BD5CE850}.Ad-Hoc|ARM.ActiveCfg = Release|Any CPU
		{2EC5F2C9-03BA-4A19-BEE3-F4E8BD5CE850}.Ad-Hoc|ARM.Build.0 = Release|Any CPU
		{2EC5F2C9-03BA-4A19-BEE3-F4E8BD5CE850}.Ad-Hoc|ARM.Deploy.0 = Release|Any CPU
		{2EC5F2C9-03BA-4A19-BEE3-F4E8BD5CE850}.Ad-Hoc|iPhone.ActiveCfg = Release|Any CPU
		{2EC5F2C9-03BA-4A19-BEE3-F4E8BD5CE850}.Ad-Hoc|iPhone.Build.0 = Release|Any CPU
		{2EC5F2C9-03BA-4A19-BEE3-F4E8BD5CE850}.Ad-Hoc|iPhone.Deploy.0 = Release|Any CPU
		{2EC5F2C9-03BA-4A19-BEE3-F4E8BD5CE850}.Ad-Hoc|iPhoneSimulator.ActiveCfg = Release|Any CPU
		{2EC5F2C9-03BA-4A19-BEE3-F4E8BD5CE850}.Ad-Hoc|iPhoneSimulator.Build.0 = Release|Any CPU
		{2EC5F2C9-03BA-4A19-BEE3-F4E8BD5CE850}.Ad-Hoc|iPhoneSimulator.Deploy.0 = Release|Any CPU
		{2EC5F2C9-03BA-4A19-BEE3-F4E8BD5CE850}.Ad-Hoc|x64.ActiveCfg = Release|Any CPU
		{2EC5F2C9-03BA-4A19-BEE3-F4E8BD5CE850}.Ad-Hoc|x64.Build.0 = Release|Any CPU
		{2EC5F2C9-03BA-4A19-BEE3-F4E8BD5CE850}.Ad-Hoc|x64.Deploy.0 = Release|Any CPU
		{2EC5F2C9-03BA-4A19-BEE3-F4E8BD5CE850}.Ad-Hoc|x86.ActiveCfg = Release|Any CPU
		{2EC5F2C9-03BA-4A19-BEE3-F4E8BD5CE850}.Ad-Hoc|x86.Build.0 = Release|Any CPU
		{2EC5F2C9-03BA-4A19-BEE3-F4E8BD5CE850}.Ad-Hoc|x86.Deploy.0 = Release|Any CPU
		{2EC5F2C9-03BA-4A19-BEE3-F4E8BD5CE850}.AppStore|Any CPU.ActiveCfg = Release|Any CPU
		{2EC5F2C9-03BA-4A19-BEE3-F4E8BD5CE850}.AppStore|Any CPU.Build.0 = Release|Any CPU
		{2EC5F2C9-03BA-4A19-BEE3-F4E8BD5CE850}.AppStore|Any CPU.Deploy.0 = Release|Any CPU
		{2EC5F2C9-03BA-4A19-BEE3-F4E8BD5CE850}.AppStore|ARM.ActiveCfg = Release|Any CPU
		{2EC5F2C9-03BA-4A19-BEE3-F4E8BD5CE850}.AppStore|ARM.Build.0 = Release|Any CPU
		{2EC5F2C9-03BA-4A19-BEE3-F4E8BD5CE850}.AppStore|ARM.Deploy.0 = Release|Any CPU
		{2EC5F2C9-03BA-4A19-BEE3-F4E8BD5CE850}.AppStore|iPhone.ActiveCfg = Release|Any CPU
		{2EC5F2C9-03BA-4A19-BEE3-F4E8BD5CE850}.AppStore|iPhone.Build.0 = Release|Any CPU
		{2EC5F2C9-03BA-4A19-BEE3-F4E8BD5CE850}.AppStore|iPhone.Deploy.0 = Release|Any CPU
		{2EC5F2C9-03BA-4A19-BEE3-F4E8BD5CE850}.AppStore|iPhoneSimulator.ActiveCfg = Release|Any CPU
		{2EC5F2C9-03BA-4A19-BEE3-F4E8BD5CE850}.AppStore|iPhoneSimulator.Build.0 = Release|Any CPU
		{2EC5F2C9-03BA-4A19-BEE3-F4E8BD5CE850}.AppStore|iPhoneSimulator.Deploy.0 = Release|Any CPU
		{2EC5F2C9-03BA-4A19-BEE3-F4E8BD5CE850}.AppStore|x64.ActiveCfg = Release|Any CPU
		{2EC5F2C9-03BA-4A19-BEE3-F4E8BD5CE850}.AppStore|x64.Build.0 = Release|Any CPU
		{2EC5F2C9-03BA-4A19-BEE3-F4E8BD5CE850}.AppStore|x64.Deploy.0 = Release|Any CPU
		{2EC5F2C9-03BA-4A19-BEE3-F4E8BD5CE850}.AppStore|x86.ActiveCfg = Release|Any CPU
		{2EC5F2C9-03BA-4A19-BEE3-F4E8BD5CE850}.AppStore|x86.Build.0 = Release|Any CPU
		{2EC5F2C9-03BA-4A19-BEE3-F4E8BD5CE850}.AppStore|x86.Deploy.0 = Release|Any CPU
		{2EC5F2C9-03BA-4A19-BEE3-F4E8BD5CE850}.Debug|Any CPU.ActiveCfg = Debug|Any CPU
		{2EC5F2C9-03BA-4A19-BEE3-F4E8BD5CE850}.Debug|Any CPU.Build.0 = Debug|Any CPU
		{2EC5F2C9-03BA-4A19-BEE3-F4E8BD5CE850}.Debug|Any CPU.Deploy.0 = Debug|Any CPU
		{2EC5F2C9-03BA-4A19-BEE3-F4E8BD5CE850}.Debug|ARM.ActiveCfg = Debug|Any CPU
		{2EC5F2C9-03BA-4A19-BEE3-F4E8BD5CE850}.Debug|ARM.Build.0 = Debug|Any CPU
		{2EC5F2C9-03BA-4A19-BEE3-F4E8BD5CE850}.Debug|ARM.Deploy.0 = Debug|Any CPU
		{2EC5F2C9-03BA-4A19-BEE3-F4E8BD5CE850}.Debug|iPhone.ActiveCfg = Debug|Any CPU
		{2EC5F2C9-03BA-4A19-BEE3-F4E8BD5CE850}.Debug|iPhone.Build.0 = Debug|Any CPU
		{2EC5F2C9-03BA-4A19-BEE3-F4E8BD5CE850}.Debug|iPhone.Deploy.0 = Debug|Any CPU
		{2EC5F2C9-03BA-4A19-BEE3-F4E8BD5CE850}.Debug|iPhoneSimulator.ActiveCfg = Debug|Any CPU
		{2EC5F2C9-03BA-4A19-BEE3-F4E8BD5CE850}.Debug|iPhoneSimulator.Build.0 = Debug|Any CPU
		{2EC5F2C9-03BA-4A19-BEE3-F4E8BD5CE850}.Debug|iPhoneSimulator.Deploy.0 = Debug|Any CPU
		{2EC5F2C9-03BA-4A19-BEE3-F4E8BD5CE850}.Debug|x64.ActiveCfg = Debug|Any CPU
		{2EC5F2C9-03BA-4A19-BEE3-F4E8BD5CE850}.Debug|x64.Build.0 = Debug|Any CPU
		{2EC5F2C9-03BA-4A19-BEE3-F4E8BD5CE850}.Debug|x64.Deploy.0 = Debug|Any CPU
		{2EC5F2C9-03BA-4A19-BEE3-F4E8BD5CE850}.Debug|x86.ActiveCfg = Debug|Any CPU
		{2EC5F2C9-03BA-4A19-BEE3-F4E8BD5CE850}.Debug|x86.Build.0 = Debug|Any CPU
		{2EC5F2C9-03BA-4A19-BEE3-F4E8BD5CE850}.Debug|x86.Deploy.0 = Debug|Any CPU
		{2EC5F2C9-03BA-4A19-BEE3-F4E8BD5CE850}.Release|Any CPU.ActiveCfg = Release|Any CPU
		{2EC5F2C9-03BA-4A19-BEE3-F4E8BD5CE850}.Release|Any CPU.Build.0 = Release|Any CPU
		{2EC5F2C9-03BA-4A19-BEE3-F4E8BD5CE850}.Release|Any CPU.Deploy.0 = Release|Any CPU
		{2EC5F2C9-03BA-4A19-BEE3-F4E8BD5CE850}.Release|ARM.ActiveCfg = Release|Any CPU
		{2EC5F2C9-03BA-4A19-BEE3-F4E8BD5CE850}.Release|ARM.Build.0 = Release|Any CPU
		{2EC5F2C9-03BA-4A19-BEE3-F4E8BD5CE850}.Release|ARM.Deploy.0 = Release|Any CPU
		{2EC5F2C9-03BA-4A19-BEE3-F4E8BD5CE850}.Release|iPhone.ActiveCfg = Release|Any CPU
		{2EC5F2C9-03BA-4A19-BEE3-F4E8BD5CE850}.Release|iPhone.Build.0 = Release|Any CPU
		{2EC5F2C9-03BA-4A19-BEE3-F4E8BD5CE850}.Release|iPhone.Deploy.0 = Release|Any CPU
		{2EC5F2C9-03BA-4A19-BEE3-F4E8BD5CE850}.Release|iPhoneSimulator.ActiveCfg = Release|Any CPU
		{2EC5F2C9-03BA-4A19-BEE3-F4E8BD5CE850}.Release|iPhoneSimulator.Build.0 = Release|Any CPU
		{2EC5F2C9-03BA-4A19-BEE3-F4E8BD5CE850}.Release|iPhoneSimulator.Deploy.0 = Release|Any CPU
		{2EC5F2C9-03BA-4A19-BEE3-F4E8BD5CE850}.Release|x64.ActiveCfg = Release|Any CPU
		{2EC5F2C9-03BA-4A19-BEE3-F4E8BD5CE850}.Release|x64.Build.0 = Release|Any CPU
		{2EC5F2C9-03BA-4A19-BEE3-F4E8BD5CE850}.Release|x64.Deploy.0 = Release|Any CPU
		{2EC5F2C9-03BA-4A19-BEE3-F4E8BD5CE850}.Release|x86.ActiveCfg = Release|Any CPU
		{2EC5F2C9-03BA-4A19-BEE3-F4E8BD5CE850}.Release|x86.Build.0 = Release|Any CPU
		{2EC5F2C9-03BA-4A19-BEE3-F4E8BD5CE850}.Release|x86.Deploy.0 = Release|Any CPU
		{E6AD97FF-4210-4BC7-8493-515A9BC2C116}.Ad-Hoc|Any CPU.ActiveCfg = Ad-Hoc|iPhone
		{E6AD97FF-4210-4BC7-8493-515A9BC2C116}.Ad-Hoc|ARM.ActiveCfg = Ad-Hoc|iPhone
		{E6AD97FF-4210-4BC7-8493-515A9BC2C116}.Ad-Hoc|iPhone.ActiveCfg = Ad-Hoc|iPhone
		{E6AD97FF-4210-4BC7-8493-515A9BC2C116}.Ad-Hoc|iPhone.Build.0 = Ad-Hoc|iPhone
		{E6AD97FF-4210-4BC7-8493-515A9BC2C116}.Ad-Hoc|iPhoneSimulator.ActiveCfg = Ad-Hoc|iPhoneSimulator
		{E6AD97FF-4210-4BC7-8493-515A9BC2C116}.Ad-Hoc|iPhoneSimulator.Build.0 = Ad-Hoc|iPhoneSimulator
		{E6AD97FF-4210-4BC7-8493-515A9BC2C116}.Ad-Hoc|x64.ActiveCfg = Ad-Hoc|iPhone
		{E6AD97FF-4210-4BC7-8493-515A9BC2C116}.Ad-Hoc|x86.ActiveCfg = Ad-Hoc|iPhone
		{E6AD97FF-4210-4BC7-8493-515A9BC2C116}.AppStore|Any CPU.ActiveCfg = AppStore|iPhone
		{E6AD97FF-4210-4BC7-8493-515A9BC2C116}.AppStore|ARM.ActiveCfg = AppStore|iPhone
		{E6AD97FF-4210-4BC7-8493-515A9BC2C116}.AppStore|iPhone.ActiveCfg = AppStore|iPhone
		{E6AD97FF-4210-4BC7-8493-515A9BC2C116}.AppStore|iPhone.Build.0 = AppStore|iPhone
		{E6AD97FF-4210-4BC7-8493-515A9BC2C116}.AppStore|iPhoneSimulator.ActiveCfg = AppStore|iPhoneSimulator
		{E6AD97FF-4210-4BC7-8493-515A9BC2C116}.AppStore|iPhoneSimulator.Build.0 = AppStore|iPhoneSimulator
		{E6AD97FF-4210-4BC7-8493-515A9BC2C116}.AppStore|x64.ActiveCfg = AppStore|iPhone
		{E6AD97FF-4210-4BC7-8493-515A9BC2C116}.AppStore|x86.ActiveCfg = AppStore|iPhone
		{E6AD97FF-4210-4BC7-8493-515A9BC2C116}.Debug|Any CPU.ActiveCfg = Debug|iPhone
		{E6AD97FF-4210-4BC7-8493-515A9BC2C116}.Debug|ARM.ActiveCfg = Debug|iPhone
		{E6AD97FF-4210-4BC7-8493-515A9BC2C116}.Debug|iPhone.ActiveCfg = Debug|iPhone
		{E6AD97FF-4210-4BC7-8493-515A9BC2C116}.Debug|iPhone.Build.0 = Debug|iPhone
		{E6AD97FF-4210-4BC7-8493-515A9BC2C116}.Debug|iPhoneSimulator.ActiveCfg = Debug|iPhoneSimulator
		{E6AD97FF-4210-4BC7-8493-515A9BC2C116}.Debug|iPhoneSimulator.Build.0 = Debug|iPhoneSimulator
		{E6AD97FF-4210-4BC7-8493-515A9BC2C116}.Debug|x64.ActiveCfg = Debug|iPhone
		{E6AD97FF-4210-4BC7-8493-515A9BC2C116}.Debug|x86.ActiveCfg = Debug|iPhone
		{E6AD97FF-4210-4BC7-8493-515A9BC2C116}.Release|Any CPU.ActiveCfg = Release|iPhone
		{E6AD97FF-4210-4BC7-8493-515A9BC2C116}.Release|ARM.ActiveCfg = Release|iPhone
		{E6AD97FF-4210-4BC7-8493-515A9BC2C116}.Release|iPhone.ActiveCfg = Release|iPhone
		{E6AD97FF-4210-4BC7-8493-515A9BC2C116}.Release|iPhone.Build.0 = Release|iPhone
		{E6AD97FF-4210-4BC7-8493-515A9BC2C116}.Release|iPhoneSimulator.ActiveCfg = Release|iPhoneSimulator
		{E6AD97FF-4210-4BC7-8493-515A9BC2C116}.Release|iPhoneSimulator.Build.0 = Release|iPhoneSimulator
		{E6AD97FF-4210-4BC7-8493-515A9BC2C116}.Release|x64.ActiveCfg = Release|iPhone
		{E6AD97FF-4210-4BC7-8493-515A9BC2C116}.Release|x86.ActiveCfg = Release|iPhone
		{735CFD41-1715-4275-9089-27CBA251EDDD}.Ad-Hoc|Any CPU.ActiveCfg = Release|x86
		{735CFD41-1715-4275-9089-27CBA251EDDD}.Ad-Hoc|Any CPU.Build.0 = Release|x86
		{735CFD41-1715-4275-9089-27CBA251EDDD}.Ad-Hoc|Any CPU.Deploy.0 = Release|x86
		{735CFD41-1715-4275-9089-27CBA251EDDD}.Ad-Hoc|ARM.ActiveCfg = Release|ARM
		{735CFD41-1715-4275-9089-27CBA251EDDD}.Ad-Hoc|ARM.Build.0 = Release|ARM
		{735CFD41-1715-4275-9089-27CBA251EDDD}.Ad-Hoc|ARM.Deploy.0 = Release|ARM
		{735CFD41-1715-4275-9089-27CBA251EDDD}.Ad-Hoc|iPhone.ActiveCfg = Release|x86
		{735CFD41-1715-4275-9089-27CBA251EDDD}.Ad-Hoc|iPhone.Build.0 = Release|x86
		{735CFD41-1715-4275-9089-27CBA251EDDD}.Ad-Hoc|iPhone.Deploy.0 = Release|x86
		{735CFD41-1715-4275-9089-27CBA251EDDD}.Ad-Hoc|iPhoneSimulator.ActiveCfg = Release|x86
		{735CFD41-1715-4275-9089-27CBA251EDDD}.Ad-Hoc|iPhoneSimulator.Build.0 = Release|x86
		{735CFD41-1715-4275-9089-27CBA251EDDD}.Ad-Hoc|iPhoneSimulator.Deploy.0 = Release|x86
		{735CFD41-1715-4275-9089-27CBA251EDDD}.Ad-Hoc|x64.ActiveCfg = Release|x64
		{735CFD41-1715-4275-9089-27CBA251EDDD}.Ad-Hoc|x64.Build.0 = Release|x64
		{735CFD41-1715-4275-9089-27CBA251EDDD}.Ad-Hoc|x64.Deploy.0 = Release|x64
		{735CFD41-1715-4275-9089-27CBA251EDDD}.Ad-Hoc|x86.ActiveCfg = Release|x86
		{735CFD41-1715-4275-9089-27CBA251EDDD}.Ad-Hoc|x86.Build.0 = Release|x86
		{735CFD41-1715-4275-9089-27CBA251EDDD}.Ad-Hoc|x86.Deploy.0 = Release|x86
		{735CFD41-1715-4275-9089-27CBA251EDDD}.AppStore|Any CPU.ActiveCfg = Release|x86
		{735CFD41-1715-4275-9089-27CBA251EDDD}.AppStore|Any CPU.Build.0 = Release|x86
		{735CFD41-1715-4275-9089-27CBA251EDDD}.AppStore|Any CPU.Deploy.0 = Release|x86
		{735CFD41-1715-4275-9089-27CBA251EDDD}.AppStore|ARM.ActiveCfg = Release|ARM
		{735CFD41-1715-4275-9089-27CBA251EDDD}.AppStore|ARM.Build.0 = Release|ARM
		{735CFD41-1715-4275-9089-27CBA251EDDD}.AppStore|ARM.Deploy.0 = Release|ARM
		{735CFD41-1715-4275-9089-27CBA251EDDD}.AppStore|iPhone.ActiveCfg = Release|x86
		{735CFD41-1715-4275-9089-27CBA251EDDD}.AppStore|iPhone.Build.0 = Release|x86
		{735CFD41-1715-4275-9089-27CBA251EDDD}.AppStore|iPhone.Deploy.0 = Release|x86
		{735CFD41-1715-4275-9089-27CBA251EDDD}.AppStore|iPhoneSimulator.ActiveCfg = Release|x86
		{735CFD41-1715-4275-9089-27CBA251EDDD}.AppStore|iPhoneSimulator.Build.0 = Release|x86
		{735CFD41-1715-4275-9089-27CBA251EDDD}.AppStore|iPhoneSimulator.Deploy.0 = Release|x86
		{735CFD41-1715-4275-9089-27CBA251EDDD}.AppStore|x64.ActiveCfg = Release|x64
		{735CFD41-1715-4275-9089-27CBA251EDDD}.AppStore|x64.Build.0 = Release|x64
		{735CFD41-1715-4275-9089-27CBA251EDDD}.AppStore|x64.Deploy.0 = Release|x64
		{735CFD41-1715-4275-9089-27CBA251EDDD}.AppStore|x86.ActiveCfg = Release|x86
		{735CFD41-1715-4275-9089-27CBA251EDDD}.AppStore|x86.Build.0 = Release|x86
		{735CFD41-1715-4275-9089-27CBA251EDDD}.AppStore|x86.Deploy.0 = Release|x86
		{735CFD41-1715-4275-9089-27CBA251EDDD}.Debug|Any CPU.ActiveCfg = Debug|x86
		{735CFD41-1715-4275-9089-27CBA251EDDD}.Debug|ARM.ActiveCfg = Debug|ARM
		{735CFD41-1715-4275-9089-27CBA251EDDD}.Debug|ARM.Build.0 = Debug|ARM
		{735CFD41-1715-4275-9089-27CBA251EDDD}.Debug|ARM.Deploy.0 = Debug|ARM
		{735CFD41-1715-4275-9089-27CBA251EDDD}.Debug|iPhone.ActiveCfg = Debug|x86
		{735CFD41-1715-4275-9089-27CBA251EDDD}.Debug|iPhoneSimulator.ActiveCfg = Debug|x86
		{735CFD41-1715-4275-9089-27CBA251EDDD}.Debug|x64.ActiveCfg = Debug|x64
		{735CFD41-1715-4275-9089-27CBA251EDDD}.Debug|x64.Build.0 = Debug|x64
		{735CFD41-1715-4275-9089-27CBA251EDDD}.Debug|x64.Deploy.0 = Debug|x64
		{735CFD41-1715-4275-9089-27CBA251EDDD}.Debug|x86.ActiveCfg = Debug|x86
		{735CFD41-1715-4275-9089-27CBA251EDDD}.Debug|x86.Build.0 = Debug|x86
		{735CFD41-1715-4275-9089-27CBA251EDDD}.Debug|x86.Deploy.0 = Debug|x86
		{735CFD41-1715-4275-9089-27CBA251EDDD}.Release|Any CPU.ActiveCfg = Release|x86
		{735CFD41-1715-4275-9089-27CBA251EDDD}.Release|ARM.ActiveCfg = Release|ARM
		{735CFD41-1715-4275-9089-27CBA251EDDD}.Release|ARM.Build.0 = Release|ARM
		{735CFD41-1715-4275-9089-27CBA251EDDD}.Release|ARM.Deploy.0 = Release|ARM
		{735CFD41-1715-4275-9089-27CBA251EDDD}.Release|iPhone.ActiveCfg = Release|x86
		{735CFD41-1715-4275-9089-27CBA251EDDD}.Release|iPhoneSimulator.ActiveCfg = Release|x86
		{735CFD41-1715-4275-9089-27CBA251EDDD}.Release|x64.ActiveCfg = Release|x64
		{735CFD41-1715-4275-9089-27CBA251EDDD}.Release|x64.Build.0 = Release|x64
		{735CFD41-1715-4275-9089-27CBA251EDDD}.Release|x64.Deploy.0 = Release|x64
		{735CFD41-1715-4275-9089-27CBA251EDDD}.Release|x86.ActiveCfg = Release|x86
		{735CFD41-1715-4275-9089-27CBA251EDDD}.Release|x86.Build.0 = Release|x86
		{735CFD41-1715-4275-9089-27CBA251EDDD}.Release|x86.Deploy.0 = Release|x86
		{94375F49-80CA-41D5-A34D-5391DE089471}.Ad-Hoc|Any CPU.ActiveCfg = Debug|Any CPU
		{94375F49-80CA-41D5-A34D-5391DE089471}.Ad-Hoc|Any CPU.Build.0 = Debug|Any CPU
		{94375F49-80CA-41D5-A34D-5391DE089471}.Ad-Hoc|ARM.ActiveCfg = Debug|Any CPU
		{94375F49-80CA-41D5-A34D-5391DE089471}.Ad-Hoc|ARM.Build.0 = Debug|Any CPU
		{94375F49-80CA-41D5-A34D-5391DE089471}.Ad-Hoc|iPhone.ActiveCfg = Debug|Any CPU
		{94375F49-80CA-41D5-A34D-5391DE089471}.Ad-Hoc|iPhone.Build.0 = Debug|Any CPU
		{94375F49-80CA-41D5-A34D-5391DE089471}.Ad-Hoc|iPhoneSimulator.ActiveCfg = Debug|Any CPU
		{94375F49-80CA-41D5-A34D-5391DE089471}.Ad-Hoc|iPhoneSimulator.Build.0 = Debug|Any CPU
		{94375F49-80CA-41D5-A34D-5391DE089471}.Ad-Hoc|x64.ActiveCfg = Debug|Any CPU
		{94375F49-80CA-41D5-A34D-5391DE089471}.Ad-Hoc|x64.Build.0 = Debug|Any CPU
		{94375F49-80CA-41D5-A34D-5391DE089471}.Ad-Hoc|x86.ActiveCfg = Debug|Any CPU
		{94375F49-80CA-41D5-A34D-5391DE089471}.Ad-Hoc|x86.Build.0 = Debug|Any CPU
		{94375F49-80CA-41D5-A34D-5391DE089471}.AppStore|Any CPU.ActiveCfg = Debug|Any CPU
		{94375F49-80CA-41D5-A34D-5391DE089471}.AppStore|Any CPU.Build.0 = Debug|Any CPU
		{94375F49-80CA-41D5-A34D-5391DE089471}.AppStore|ARM.ActiveCfg = Debug|Any CPU
		{94375F49-80CA-41D5-A34D-5391DE089471}.AppStore|ARM.Build.0 = Debug|Any CPU
		{94375F49-80CA-41D5-A34D-5391DE089471}.AppStore|iPhone.ActiveCfg = Debug|Any CPU
		{94375F49-80CA-41D5-A34D-5391DE089471}.AppStore|iPhone.Build.0 = Debug|Any CPU
		{94375F49-80CA-41D5-A34D-5391DE089471}.AppStore|iPhoneSimulator.ActiveCfg = Debug|Any CPU
		{94375F49-80CA-41D5-A34D-5391DE089471}.AppStore|iPhoneSimulator.Build.0 = Debug|Any CPU
		{94375F49-80CA-41D5-A34D-5391DE089471}.AppStore|x64.ActiveCfg = Debug|Any CPU
		{94375F49-80CA-41D5-A34D-5391DE089471}.AppStore|x64.Build.0 = Debug|Any CPU
		{94375F49-80CA-41D5-A34D-5391DE089471}.AppStore|x86.ActiveCfg = Debug|Any CPU
		{94375F49-80CA-41D5-A34D-5391DE089471}.AppStore|x86.Build.0 = Debug|Any CPU
		{94375F49-80CA-41D5-A34D-5391DE089471}.Debug|Any CPU.ActiveCfg = Debug|Any CPU
		{94375F49-80CA-41D5-A34D-5391DE089471}.Debug|Any CPU.Build.0 = Debug|Any CPU
		{94375F49-80CA-41D5-A34D-5391DE089471}.Debug|ARM.ActiveCfg = Debug|Any CPU
		{94375F49-80CA-41D5-A34D-5391DE089471}.Debug|ARM.Build.0 = Debug|Any CPU
		{94375F49-80CA-41D5-A34D-5391DE089471}.Debug|iPhone.ActiveCfg = Debug|Any CPU
		{94375F49-80CA-41D5-A34D-5391DE089471}.Debug|iPhone.Build.0 = Debug|Any CPU
		{94375F49-80CA-41D5-A34D-5391DE089471}.Debug|iPhoneSimulator.ActiveCfg = Debug|Any CPU
		{94375F49-80CA-41D5-A34D-5391DE089471}.Debug|iPhoneSimulator.Build.0 = Debug|Any CPU
		{94375F49-80CA-41D5-A34D-5391DE089471}.Debug|x64.ActiveCfg = Debug|Any CPU
		{94375F49-80CA-41D5-A34D-5391DE089471}.Debug|x64.Build.0 = Debug|Any CPU
		{94375F49-80CA-41D5-A34D-5391DE089471}.Debug|x86.ActiveCfg = Debug|Any CPU
		{94375F49-80CA-41D5-A34D-5391DE089471}.Debug|x86.Build.0 = Debug|Any CPU
		{94375F49-80CA-41D5-A34D-5391DE089471}.Release|Any CPU.ActiveCfg = Release|Any CPU
		{94375F49-80CA-41D5-A34D-5391DE089471}.Release|Any CPU.Build.0 = Release|Any CPU
		{94375F49-80CA-41D5-A34D-5391DE089471}.Release|ARM.ActiveCfg = Release|Any CPU
		{94375F49-80CA-41D5-A34D-5391DE089471}.Release|ARM.Build.0 = Release|Any CPU
		{94375F49-80CA-41D5-A34D-5391DE089471}.Release|iPhone.ActiveCfg = Release|Any CPU
		{94375F49-80CA-41D5-A34D-5391DE089471}.Release|iPhone.Build.0 = Release|Any CPU
		{94375F49-80CA-41D5-A34D-5391DE089471}.Release|iPhoneSimulator.ActiveCfg = Release|Any CPU
		{94375F49-80CA-41D5-A34D-5391DE089471}.Release|iPhoneSimulator.Build.0 = Release|Any CPU
		{94375F49-80CA-41D5-A34D-5391DE089471}.Release|x64.ActiveCfg = Release|Any CPU
		{94375F49-80CA-41D5-A34D-5391DE089471}.Release|x64.Build.0 = Release|Any CPU
		{94375F49-80CA-41D5-A34D-5391DE089471}.Release|x86.ActiveCfg = Release|Any CPU
		{94375F49-80CA-41D5-A34D-5391DE089471}.Release|x86.Build.0 = Release|Any CPU
		{05E3A657-E260-40E2-91F4-4A0B626427AF}.Ad-Hoc|Any CPU.ActiveCfg = Debug|Any CPU
		{05E3A657-E260-40E2-91F4-4A0B626427AF}.Ad-Hoc|Any CPU.Build.0 = Debug|Any CPU
		{05E3A657-E260-40E2-91F4-4A0B626427AF}.Ad-Hoc|ARM.ActiveCfg = Debug|Any CPU
		{05E3A657-E260-40E2-91F4-4A0B626427AF}.Ad-Hoc|ARM.Build.0 = Debug|Any CPU
		{05E3A657-E260-40E2-91F4-4A0B626427AF}.Ad-Hoc|iPhone.ActiveCfg = Debug|Any CPU
		{05E3A657-E260-40E2-91F4-4A0B626427AF}.Ad-Hoc|iPhone.Build.0 = Debug|Any CPU
		{05E3A657-E260-40E2-91F4-4A0B626427AF}.Ad-Hoc|iPhoneSimulator.ActiveCfg = Debug|Any CPU
		{05E3A657-E260-40E2-91F4-4A0B626427AF}.Ad-Hoc|iPhoneSimulator.Build.0 = Debug|Any CPU
		{05E3A657-E260-40E2-91F4-4A0B626427AF}.Ad-Hoc|x64.ActiveCfg = Debug|Any CPU
		{05E3A657-E260-40E2-91F4-4A0B626427AF}.Ad-Hoc|x64.Build.0 = Debug|Any CPU
		{05E3A657-E260-40E2-91F4-4A0B626427AF}.Ad-Hoc|x86.ActiveCfg = Debug|Any CPU
		{05E3A657-E260-40E2-91F4-4A0B626427AF}.Ad-Hoc|x86.Build.0 = Debug|Any CPU
		{05E3A657-E260-40E2-91F4-4A0B626427AF}.AppStore|Any CPU.ActiveCfg = Debug|Any CPU
		{05E3A657-E260-40E2-91F4-4A0B626427AF}.AppStore|Any CPU.Build.0 = Debug|Any CPU
		{05E3A657-E260-40E2-91F4-4A0B626427AF}.AppStore|ARM.ActiveCfg = Debug|Any CPU
		{05E3A657-E260-40E2-91F4-4A0B626427AF}.AppStore|ARM.Build.0 = Debug|Any CPU
		{05E3A657-E260-40E2-91F4-4A0B626427AF}.AppStore|iPhone.ActiveCfg = Debug|Any CPU
		{05E3A657-E260-40E2-91F4-4A0B626427AF}.AppStore|iPhone.Build.0 = Debug|Any CPU
		{05E3A657-E260-40E2-91F4-4A0B626427AF}.AppStore|iPhoneSimulator.ActiveCfg = Debug|Any CPU
		{05E3A657-E260-40E2-91F4-4A0B626427AF}.AppStore|iPhoneSimulator.Build.0 = Debug|Any CPU
		{05E3A657-E260-40E2-91F4-4A0B626427AF}.AppStore|x64.ActiveCfg = Debug|Any CPU
		{05E3A657-E260-40E2-91F4-4A0B626427AF}.AppStore|x64.Build.0 = Debug|Any CPU
		{05E3A657-E260-40E2-91F4-4A0B626427AF}.AppStore|x86.ActiveCfg = Debug|Any CPU
		{05E3A657-E260-40E2-91F4-4A0B626427AF}.AppStore|x86.Build.0 = Debug|Any CPU
		{05E3A657-E260-40E2-91F4-4A0B626427AF}.Debug|Any CPU.ActiveCfg = Debug|Any CPU
		{05E3A657-E260-40E2-91F4-4A0B626427AF}.Debug|Any CPU.Build.0 = Debug|Any CPU
		{05E3A657-E260-40E2-91F4-4A0B626427AF}.Debug|ARM.ActiveCfg = Debug|Any CPU
		{05E3A657-E260-40E2-91F4-4A0B626427AF}.Debug|ARM.Build.0 = Debug|Any CPU
		{05E3A657-E260-40E2-91F4-4A0B626427AF}.Debug|iPhone.ActiveCfg = Debug|Any CPU
		{05E3A657-E260-40E2-91F4-4A0B626427AF}.Debug|iPhone.Build.0 = Debug|Any CPU
		{05E3A657-E260-40E2-91F4-4A0B626427AF}.Debug|iPhoneSimulator.ActiveCfg = Debug|Any CPU
		{05E3A657-E260-40E2-91F4-4A0B626427AF}.Debug|iPhoneSimulator.Build.0 = Debug|Any CPU
		{05E3A657-E260-40E2-91F4-4A0B626427AF}.Debug|x64.ActiveCfg = Debug|Any CPU
		{05E3A657-E260-40E2-91F4-4A0B626427AF}.Debug|x64.Build.0 = Debug|Any CPU
		{05E3A657-E260-40E2-91F4-4A0B626427AF}.Debug|x86.ActiveCfg = Debug|Any CPU
		{05E3A657-E260-40E2-91F4-4A0B626427AF}.Debug|x86.Build.0 = Debug|Any CPU
		{05E3A657-E260-40E2-91F4-4A0B626427AF}.Release|Any CPU.ActiveCfg = Release|Any CPU
		{05E3A657-E260-40E2-91F4-4A0B626427AF}.Release|Any CPU.Build.0 = Release|Any CPU
		{05E3A657-E260-40E2-91F4-4A0B626427AF}.Release|ARM.ActiveCfg = Release|Any CPU
		{05E3A657-E260-40E2-91F4-4A0B626427AF}.Release|ARM.Build.0 = Release|Any CPU
		{05E3A657-E260-40E2-91F4-4A0B626427AF}.Release|iPhone.ActiveCfg = Release|Any CPU
		{05E3A657-E260-40E2-91F4-4A0B626427AF}.Release|iPhone.Build.0 = Release|Any CPU
		{05E3A657-E260-40E2-91F4-4A0B626427AF}.Release|iPhoneSimulator.ActiveCfg = Release|Any CPU
		{05E3A657-E260-40E2-91F4-4A0B626427AF}.Release|iPhoneSimulator.Build.0 = Release|Any CPU
		{05E3A657-E260-40E2-91F4-4A0B626427AF}.Release|x64.ActiveCfg = Release|Any CPU
		{05E3A657-E260-40E2-91F4-4A0B626427AF}.Release|x64.Build.0 = Release|Any CPU
		{05E3A657-E260-40E2-91F4-4A0B626427AF}.Release|x86.ActiveCfg = Release|Any CPU
		{05E3A657-E260-40E2-91F4-4A0B626427AF}.Release|x86.Build.0 = Release|Any CPU
		{0D41C345-A7A9-4C1B-9DA9-15D4625B4797}.Ad-Hoc|Any CPU.ActiveCfg = Debug|Any CPU
		{0D41C345-A7A9-4C1B-9DA9-15D4625B4797}.Ad-Hoc|Any CPU.Build.0 = Debug|Any CPU
		{0D41C345-A7A9-4C1B-9DA9-15D4625B4797}.Ad-Hoc|ARM.ActiveCfg = Debug|Any CPU
		{0D41C345-A7A9-4C1B-9DA9-15D4625B4797}.Ad-Hoc|ARM.Build.0 = Debug|Any CPU
		{0D41C345-A7A9-4C1B-9DA9-15D4625B4797}.Ad-Hoc|iPhone.ActiveCfg = Debug|Any CPU
		{0D41C345-A7A9-4C1B-9DA9-15D4625B4797}.Ad-Hoc|iPhone.Build.0 = Debug|Any CPU
		{0D41C345-A7A9-4C1B-9DA9-15D4625B4797}.Ad-Hoc|iPhoneSimulator.ActiveCfg = Debug|Any CPU
		{0D41C345-A7A9-4C1B-9DA9-15D4625B4797}.Ad-Hoc|iPhoneSimulator.Build.0 = Debug|Any CPU
		{0D41C345-A7A9-4C1B-9DA9-15D4625B4797}.Ad-Hoc|x64.ActiveCfg = Debug|Any CPU
		{0D41C345-A7A9-4C1B-9DA9-15D4625B4797}.Ad-Hoc|x64.Build.0 = Debug|Any CPU
		{0D41C345-A7A9-4C1B-9DA9-15D4625B4797}.Ad-Hoc|x86.ActiveCfg = Debug|Any CPU
		{0D41C345-A7A9-4C1B-9DA9-15D4625B4797}.Ad-Hoc|x86.Build.0 = Debug|Any CPU
		{0D41C345-A7A9-4C1B-9DA9-15D4625B4797}.AppStore|Any CPU.ActiveCfg = Debug|Any CPU
		{0D41C345-A7A9-4C1B-9DA9-15D4625B4797}.AppStore|Any CPU.Build.0 = Debug|Any CPU
		{0D41C345-A7A9-4C1B-9DA9-15D4625B4797}.AppStore|ARM.ActiveCfg = Debug|Any CPU
		{0D41C345-A7A9-4C1B-9DA9-15D4625B4797}.AppStore|ARM.Build.0 = Debug|Any CPU
		{0D41C345-A7A9-4C1B-9DA9-15D4625B4797}.AppStore|iPhone.ActiveCfg = Debug|Any CPU
		{0D41C345-A7A9-4C1B-9DA9-15D4625B4797}.AppStore|iPhone.Build.0 = Debug|Any CPU
		{0D41C345-A7A9-4C1B-9DA9-15D4625B4797}.AppStore|iPhoneSimulator.ActiveCfg = Debug|Any CPU
		{0D41C345-A7A9-4C1B-9DA9-15D4625B4797}.AppStore|iPhoneSimulator.Build.0 = Debug|Any CPU
		{0D41C345-A7A9-4C1B-9DA9-15D4625B4797}.AppStore|x64.ActiveCfg = Debug|Any CPU
		{0D41C345-A7A9-4C1B-9DA9-15D4625B4797}.AppStore|x64.Build.0 = Debug|Any CPU
		{0D41C345-A7A9-4C1B-9DA9-15D4625B4797}.AppStore|x86.ActiveCfg = Debug|Any CPU
		{0D41C345-A7A9-4C1B-9DA9-15D4625B4797}.AppStore|x86.Build.0 = Debug|Any CPU
		{0D41C345-A7A9-4C1B-9DA9-15D4625B4797}.Debug|Any CPU.ActiveCfg = Debug|Any CPU
		{0D41C345-A7A9-4C1B-9DA9-15D4625B4797}.Debug|Any CPU.Build.0 = Debug|Any CPU
		{0D41C345-A7A9-4C1B-9DA9-15D4625B4797}.Debug|ARM.ActiveCfg = Debug|Any CPU
		{0D41C345-A7A9-4C1B-9DA9-15D4625B4797}.Debug|ARM.Build.0 = Debug|Any CPU
		{0D41C345-A7A9-4C1B-9DA9-15D4625B4797}.Debug|iPhone.ActiveCfg = Debug|Any CPU
		{0D41C345-A7A9-4C1B-9DA9-15D4625B4797}.Debug|iPhone.Build.0 = Debug|Any CPU
		{0D41C345-A7A9-4C1B-9DA9-15D4625B4797}.Debug|iPhoneSimulator.ActiveCfg = Debug|Any CPU
		{0D41C345-A7A9-4C1B-9DA9-15D4625B4797}.Debug|iPhoneSimulator.Build.0 = Debug|Any CPU
		{0D41C345-A7A9-4C1B-9DA9-15D4625B4797}.Debug|x64.ActiveCfg = Debug|Any CPU
		{0D41C345-A7A9-4C1B-9DA9-15D4625B4797}.Debug|x64.Build.0 = Debug|Any CPU
		{0D41C345-A7A9-4C1B-9DA9-15D4625B4797}.Debug|x86.ActiveCfg = Debug|Any CPU
		{0D41C345-A7A9-4C1B-9DA9-15D4625B4797}.Debug|x86.Build.0 = Debug|Any CPU
		{0D41C345-A7A9-4C1B-9DA9-15D4625B4797}.Release|Any CPU.ActiveCfg = Release|Any CPU
		{0D41C345-A7A9-4C1B-9DA9-15D4625B4797}.Release|Any CPU.Build.0 = Release|Any CPU
		{0D41C345-A7A9-4C1B-9DA9-15D4625B4797}.Release|ARM.ActiveCfg = Release|Any CPU
		{0D41C345-A7A9-4C1B-9DA9-15D4625B4797}.Release|ARM.Build.0 = Release|Any CPU
		{0D41C345-A7A9-4C1B-9DA9-15D4625B4797}.Release|iPhone.ActiveCfg = Release|Any CPU
		{0D41C345-A7A9-4C1B-9DA9-15D4625B4797}.Release|iPhone.Build.0 = Release|Any CPU
		{0D41C345-A7A9-4C1B-9DA9-15D4625B4797}.Release|iPhoneSimulator.ActiveCfg = Release|Any CPU
		{0D41C345-A7A9-4C1B-9DA9-15D4625B4797}.Release|iPhoneSimulator.Build.0 = Release|Any CPU
		{0D41C345-A7A9-4C1B-9DA9-15D4625B4797}.Release|x64.ActiveCfg = Release|Any CPU
		{0D41C345-A7A9-4C1B-9DA9-15D4625B4797}.Release|x64.Build.0 = Release|Any CPU
		{0D41C345-A7A9-4C1B-9DA9-15D4625B4797}.Release|x86.ActiveCfg = Release|Any CPU
		{0D41C345-A7A9-4C1B-9DA9-15D4625B4797}.Release|x86.Build.0 = Release|Any CPU
	EndGlobalSection
	GlobalSection(SolutionProperties) = preSolution
		HideSolutionNode = FALSE
	EndGlobalSection
	GlobalSection(NestedProjects) = preSolution
		{94375F49-80CA-41D5-A34D-5391DE089471} = {14F13F31-6CFF-49E1-8079-8C7C75C7AE2A}
	EndGlobalSection
	GlobalSection(ExtensibilityGlobals) = postSolution
		SolutionGuid = {718704D0-E7B6-4AEF-99D9-269C43E5FCBF}
	EndGlobalSection
EndGlobal
